
Microsoft Visual Studio Solution File, Format Version 12.00
# Visual Studio Version 17
VisualStudioVersion = 17.6.33815.320
MinimumVisualStudioVersion = 10.0.40219.1
Project("{9A19103F-16F7-4668-BE54-9A1E7A4F7556}") = "Expect.Registry", "Expect.Registry\Expect.Registry.csproj", "{25DDA6AA-1E71-4261-B80E-46611D054A17}"
EndProject
Project("{9A19103F-16F7-4668-BE54-9A1E7A4F7556}") = "Expect.Registry.Infrastructure", "Expect.Registry.Infrastructure\Expect.Registry.Infrastructure.csproj", "{B9130714-79CF-46B6-9068-FD51696C4DC8}"
EndProject
Project("{9A19103F-16F7-4668-BE54-9A1E7A4F7556}") = "Expect.Registry.Domain", "Expect.Registry.Domain\Expect.Registry.Domain.csproj", "{75832A3E-C2F5-4F32-9B20-C700269B77A7}"
EndProject
Project("{9A19103F-16F7-4668-BE54-9A1E7A4F7556}") = "Expect.Registry.Data", "Expect.Registry.Data\Expect.Registry.Data.csproj", "{5486B94F-DF68-462D-A59C-344F1D391605}"
EndProject
Global
	GlobalSection(SolutionConfigurationPlatforms) = preSolution
		Debug|Any CPU = Debug|Any CPU
		Release|Any CPU = Release|Any CPU
	EndGlobalSection
	GlobalSection(ProjectConfigurationPlatforms) = postSolution
		{25DDA6AA-1E71-4261-B80E-46611D054A17}.Debug|Any CPU.ActiveCfg = Debug|Any CPU
		{25DDA6AA-1E71-4261-B80E-46611D054A17}.Debug|Any CPU.Build.0 = Debug|Any CPU
		{25DDA6AA-1E71-4261-B80E-46611D054A17}.Release|Any CPU.ActiveCfg = Release|Any CPU
		{25DDA6AA-1E71-4261-B80E-46611D054A17}.Release|Any CPU.Build.0 = Release|Any CPU
		{B9130714-79CF-46B6-9068-FD51696C4DC8}.Debug|Any CPU.ActiveCfg = Debug|Any CPU
		{B9130714-79CF-46B6-9068-FD51696C4DC8}.Debug|Any CPU.Build.0 = Debug|Any CPU
		{B9130714-79CF-46B6-9068-FD51696C4DC8}.Release|Any CPU.ActiveCfg = Release|Any CPU
		{B9130714-79CF-46B6-9068-FD51696C4DC8}.Release|Any CPU.Build.0 = Release|Any CPU
		{75832A3E-C2F5-4F32-9B20-C700269B77A7}.Debug|Any CPU.ActiveCfg = Debug|Any CPU
		{75832A3E-C2F5-4F32-9B20-C700269B77A7}.Debug|Any CPU.Build.0 = Debug|Any CPU
		{75832A3E-C2F5-4F32-9B20-C700269B77A7}.Release|Any CPU.ActiveCfg = Release|Any CPU
		{75832A3E-C2F5-4F32-9B20-C700269B77A7}.Release|Any CPU.Build.0 = Release|Any CPU
		{5486B94F-DF68-462D-A59C-344F1D391605}.Debug|Any CPU.ActiveCfg = Debug|Any CPU
		{5486B94F-DF68-462D-A59C-344F1D391605}.Debug|Any CPU.Build.0 = Debug|Any CPU
		{5486B94F-DF68-462D-A59C-344F1D391605}.Release|Any CPU.ActiveCfg = Release|Any CPU
		{5486B94F-DF68-462D-A59C-344F1D391605}.Release|Any CPU.Build.0 = Release|Any CPU
	EndGlobalSection
	GlobalSection(SolutionProperties) = preSolution
		HideSolutionNode = FALSE
	EndGlobalSection
	GlobalSection(ExtensibilityGlobals) = postSolution
		SolutionGuid = {F00EBEAD-3AE9-463E-9A9C-C4E35FDAE7E4}
	EndGlobalSection
EndGlobal
